{
  "https://cdn.esm.sh/p-map": { "integrity": "sha512-Q1RsGrT9Fl5eqmmFQbaCy4PcXRx90TZQCcHDWC6sN0vfEnco9o66mi1DNjaWD2HE40qn0cNTWoZ21RIH+jmeiQ==", "contentType": "application/javascript; charset=utf-8" },
  "https://cdn.esm.sh/v43/aggregate-error@4.0.0/es2015/aggregate-error.js": { "integrity": "sha512-nnqEIbQNpkAb5idk+07Wbc8lNzPloQrPAs+SOjccU+va8qftYFcn0htGVwUqwvkWJHZaJn9/B5bXB2YZVzwvUg==", "contentType": "application/javascript" },
  "https://cdn.esm.sh/v43/clean-stack@4.1.0/es2015/clean-stack.js": { "integrity": "sha512-B6h1ZeTzVvZeNUbWJUvEIBPaTvyUnbNEaO+V0aREh7nR1OrFUON/xnG+jwJwEzLWACqQNKFeFiPBOlFowUZ5FQ==", "contentType": "application/javascript" },
  "https://cdn.esm.sh/v43/escape-string-regexp@5.0.0/es2015/escape-string-regexp.js": { "integrity": "sha512-e6uaGCpjIjNgUN5K6nm+BQ3HrIKj59Z/ySJDt86eOM1j7ri1PFvpRFq7JwyjGZ0mhNq/j4ywqNmmk7HEji1Chg==", "contentType": "application/javascript" },
  "https://cdn.esm.sh/v43/indent-string@5.0.0/es2015/indent-string.js": { "integrity": "sha512-yNbq6+IcXe6jW+HIM/dCPxvi1+NJRxo5msNe0Vdg4NqVVUV4DF8U2eJPehmKT0Xhv1viyaTiReidhB1BmE1f/A==", "contentType": "application/javascript" },
  "https://cdn.esm.sh/v43/os-browserify@0.3.0/es2015/browser.js": { "integrity": "sha512-/BeiBawWpXZlWTjmXwtmrZbBeYgD0BqB9LE3EDf4yxBYqASwZ7Xj2dYNruM3/WMbJYyjP/TSRdwuKMsNLWdZbw==", "contentType": "application/javascript" },
  "https://cdn.esm.sh/v43/p-map@5.1.0/es2015/p-map.js": { "integrity": "sha512-DLSkffQJHasMXlosBDDFEIn7zgcLUW5KrTHy5/3IFsrmQO+9zlYjlWQbDJEShfvDzFEhXJc9D4ppP6zykBK/ZA==", "contentType": "application/javascript" },
  "https://cdn.skypack.dev/-/aggregate-error@v4.0.0-rCH8s5R9g4kQQ807o58j/dist=es2020,mode=imports/optimized/aggregate-error.js": { "integrity": "sha512-E5rN3mgPTqyfHSovQ++ZyZWQkMUniuyjbeHHX+E4G3MStEx6TfObScB8tfHeIyuawSp86nVsFfMZjCruD61rdg==", "contentType": "application/javascript; charset=utf-8" },
  "https://cdn.skypack.dev/-/clean-stack@v4.1.0-DgWUKXHVzThBBZtsHXhC/dist=es2020,mode=imports/optimized/clean-stack.js": { "integrity": "sha512-1nEMT4Vc2YLu3EbeBnck7Traj0/D6G9MMSGraGpsoQIMKVuhQjq4gP76X6RxUn5GoiHv90KfrFMSWlbBn26Dhw==", "contentType": "application/javascript; charset=utf-8" },
  "https://cdn.skypack.dev/-/escape-string-regexp@v5.0.0-SUDdAhYOdAgXIYndxZss/dist=es2020,mode=imports/optimized/escape-string-regexp.js": { "integrity": "sha512-54oHYow5obgsKb0twQZMNLvCH2tV5MCOY4YHB0LQH+zVonIAn7JYZseUPWhC3MMkJFK5EkeNWDAX7P2camp27g==", "contentType": "application/javascript; charset=utf-8" },
  "https://cdn.skypack.dev/-/indent-string@v5.0.0-VgKPSgi4hUX5NbF4n3aC/dist=es2020,mode=imports/optimized/indent-string.js": { "integrity": "sha512-lSZAs06jEHkVlPMEeMtKbygGhrSmJUMVmpB6/2ChdG2F0694vRU1v6N12bUyqR5uGbbteTJ7atP5PmPtTVmlcw==", "contentType": "application/javascript; charset=utf-8" },
  "https://cdn.skypack.dev/-/p-map@v5.1.0-7ixXvZxXPKKt9unR9LT0/dist=es2020,mode=imports/optimized/p-map.js": { "integrity": "sha512-mZyhNJe8VlqEqafSkUGTooFrKcQPSwVjB3UxAAPqywSFD+age77uTRP6ul8uAMEQ3lllmengXX1q45igRxRcDw==", "contentType": "application/javascript; charset=utf-8" },
  "https://cdn.skypack.dev/p-map": { "integrity": "sha512-FFu6R9j8mrGqTvw8WL37XsWhI9P65XdPD9Jfs/47jiYNdex12f0XJNsIy+fI81PbOkCuEQRgm2nf0P76ieBlag==", "contentType": "application/javascript; charset=utf-8" },
  "https://jspm.dev/npm:@jspm/core@2.0.0-beta.8/nodelibs/os": { "integrity": "sha512-bNMLa9/IfXCZprEMIuXuHM/9s4OFAl4ZKy8r6EdXNkduLNLHQ626srFqLRdWHx6ZWGIgppc1bI9+tRJT3FzfAw==", "contentType": "application/javascript; charset=utf-8" },
  "https://jspm.dev/npm:@jspm/core@2/nodelibs/os": { "integrity": "sha512-rPwqsk0nq0tqTCdbeGoopnlzAVh5BsaVUsXoFKQCcb04LWJrXmOhQEwj1Yj/WHfNj2ZIPzODlZdKtWZl5bbIpA==", "contentType": "application/javascript; charset=utf-8" },
  "https://jspm.dev/npm:aggregate-error@4": { "integrity": "sha512-XfXd6EZ09/SKLmWFFvjPCSkqv0E08IxKc8mFm9mePyLIiEiGyAKokeFt1wql+kG8ikGmI7YqKBsDf07/I31VvA==", "contentType": "application/javascript; charset=utf-8" },
  "https://jspm.dev/npm:aggregate-error@4.0.0": { "integrity": "sha512-HEobsVYXVCp5H4Z+6qAlKno8XAJwHQrfF4ivR4PHrp4ttM0Yg0zDfOcsjqJOnTP5hEnKR1K6OzQdPfR2r9of4g==", "contentType": "application/javascript; charset=utf-8" },
  "https://jspm.dev/npm:clean-stack@4": { "integrity": "sha512-3wh/QTJY4tw/GInIcn5I+0hsHSirJi8Tf3kmH85hzQsuwB5k2lghBFZyKZPO7/Ql3muvZeDgN02pYkZap59Qrw==", "contentType": "application/javascript; charset=utf-8" },
  "https://jspm.dev/npm:clean-stack@4.1.0": { "integrity": "sha512-VgNMH/ju9thH4YuxxA5trzs0u66nzRZhMa43jkhk8q6jxlEBhd7G6ZZxswy2a0ZXiXjPQVhzXfFkAIkY/pxTOg==", "contentType": "application/javascript; charset=utf-8" },
  "https://jspm.dev/npm:escape-string-regexp@5.0.0": { "integrity": "sha512-Hz7n4npzwf0UgkdjQvLN2HxudnAzllTEM9AzJPlnzf9ktGhkwlFltPQBjEM3xyDHeTj1xI1nYpBSRVQmMCl6bw==", "contentType": "application/javascript; charset=utf-8" },
  "https://jspm.dev/npm:indent-string@5": { "integrity": "sha512-hjMQ8+LX0q8xe2sCp/DEBJW2MrVFbiDv20pK0PWwENkYCkRlyP5L4t5AUiXLEXfJLUhTVrUfZtf+hmrnGJB/zA==", "contentType": "application/javascript; charset=utf-8" },
  "https://jspm.dev/npm:indent-string@5.0.0": { "integrity": "sha512-1KRJ7I1gDWWBAXz+NpwQnlJXDiSpaxaftugln1zHywLbqhA/akcZYM6+nTdfSSuQ7wiVong69R5X9l/QKWqO7g==", "contentType": "application/javascript; charset=utf-8" },
  "https://jspm.dev/npm:p-map@5.1.0": { "integrity": "sha512-Ml4ozElyzZEvq3G61nmeDVjEPVbjNzhWwIfvVcEr0OsUu58yT/ieSJWr6VSSHbNGY8B1IYjJCEO2zFrgIT9plQ==", "contentType": "application/javascript; charset=utf-8" },
  "https://jspm.dev/p-map": { "integrity": "sha512-Ztuu37YpSElOGm1OnAmLzhgTuTSyeDXCudBO94yRDDicb2zwUTIDEaVnHMJ6Gb7AVnKk26uubHB+Hw0XxKRnrw==", "contentType": "application/javascript; charset=utf-8" },
  "https://unpkg.com/p-map-series?module": { "resolved": "https://unpkg.com/p-map-series@3.0.0/index.js?module", "integrity": "sha512-e68FFGx6Hb3/2x4o16EWcd6rdmyiov0OLjPnj2bmc60JrrNowav76umw0Gc5TmT+UOjaJo9Xk2lTGQT1/Y6Jug==", "contentType": "application/javascript; charset=utf-8" },
  "version": 1
}
