# THIS IS AN AUTOGENERATED FILE. DO NOT EDIT THIS FILE DIRECTLY.
# yarn lockfile v1


"@emotion/is-prop-valid@^0.8.2":
  version "0.8.8"
  resolved "https://registry.yarnpkg.com/@emotion/is-prop-valid/-/is-prop-valid-0.8.8.tgz#db28b1c4368a259b60a97311d6a952d4fd01ac1a"
  integrity sha512-u5WtneEAr5IDG2Wv65yhunPSMLIpuKsbuOktRojfrEiEvRyC85LgPMZI63cr7NUqT8ZIGdSVg8ZKGxIug4lXcA==
  dependencies:
    "@emotion/memoize" "0.7.4"

"@emotion/memoize@0.7.4":
  version "0.7.4"
  resolved "https://registry.yarnpkg.com/@emotion/memoize/-/memoize-0.7.4.tgz#19bf0f5af19149111c40d98bb0cf82119f5d9eeb"
  integrity sha512-Ja/Vfqe3HpuzRsG1oBtWTHk2PGZ7GR+2Vz5iYGelAw8dx32K0y7PjVuxK6z1nMpZOqAFsRUPCkK1YjJ56qJlgw==

framer-motion@^4.1.17:
  version "4.1.17"
  resolved "https://registry.yarnpkg.com/framer-motion/-/framer-motion-4.1.17.tgz#4029469252a62ea599902e5a92b537120cc89721"
  integrity sha512-thx1wvKzblzbs0XaK2X0G1JuwIdARcoNOW7VVwjO8BUltzXPyONGAElLu6CiCScsOQRI7FIk/45YTFtJw5Yozw==
  dependencies:
    framesync "5.3.0"
    hey-listen "^1.0.8"
    popmotion "9.3.6"
    style-value-types "4.1.4"
    tslib "^2.1.0"
  optionalDependencies:
    "@emotion/is-prop-valid" "^0.8.2"

framer@^1.3.7-alpha.4:
  version "1.3.7-alpha.4"
  resolved "https://registry.yarnpkg.com/framer/-/framer-1.3.7-alpha.4.tgz#85840d71847f1a6cd1865f2cc5f4c1ae304b8a77"
  integrity sha512-oPeQCAPTDzYRH7Rw8I+fJezTqMGbPuElwRNsVPx7ozuOuReRYVyIUHIrmSqNsjn/87rMOPi9DufkFjv/hRQNwA==

framesync@5.3.0:
  version "5.3.0"
  resolved "https://registry.yarnpkg.com/framesync/-/framesync-5.3.0.tgz#0ecfc955e8f5a6ddc8fdb0cc024070947e1a0d9b"
  integrity sha512-oc5m68HDO/tuK2blj7ZcdEBRx3p1PjrgHazL8GYEpvULhrtGIFbQArN6cQS2QhW8mitffaB+VYzMjDqBxxQeoA==
  dependencies:
    tslib "^2.1.0"

hey-listen@^1.0.8:
  version "1.0.8"
  resolved "https://registry.yarnpkg.com/hey-listen/-/hey-listen-1.0.8.tgz#8e59561ff724908de1aa924ed6ecc84a56a9aa68"
  integrity sha512-COpmrF2NOg4TBWUJ5UVyaCU2A88wEMkUPK4hNqyCkqHbxT92BbvfjoSozkAIIm6XhicGlJHhFdullInrdhwU8Q==

"js-tokens@^3.0.0 || ^4.0.0":
  version "4.0.0"
  resolved "https://registry.yarnpkg.com/js-tokens/-/js-tokens-4.0.0.tgz#19203fb59991df98e3a287050d4647cdeaf32499"
  integrity sha512-RdJUflcE3cUzKiMqQgsCu06FPu9UdIJO0beYbPhHN4k6apgJtifcoCtT9bcxOpYBtpD2kCM6Sbzg4CausW/PKQ==

loose-envify@^1.1.0:
  version "1.4.0"
  resolved "https://registry.yarnpkg.com/loose-envify/-/loose-envify-1.4.0.tgz#71ee51fa7be4caec1a63839f7e682d8132d30caf"
  integrity sha512-lyuxPGr/Wfhrlem2CL/UcnUc1zcqKAImBDzukY7Y5F/yQiNdko6+fRLevlw1HgMySw7f611UIY408EtxRSoK3Q==
  dependencies:
    js-tokens "^3.0.0 || ^4.0.0"

object-assign@^4.1.1:
  version "4.1.1"
  resolved "https://registry.yarnpkg.com/object-assign/-/object-assign-4.1.1.tgz#2109adc7965887cfc05cbbd442cac8bfbb360863"
  integrity sha1-IQmtx5ZYh8/AXLvUQsrIv7s2CGM=

popmotion@9.3.6:
  version "9.3.6"
  resolved "https://registry.yarnpkg.com/popmotion/-/popmotion-9.3.6.tgz#b5236fa28f242aff3871b9e23721f093133248d1"
  integrity sha512-ZTbXiu6zIggXzIliMi8LGxXBF5ST+wkpXGEjeTUDUOCdSQ356hij/xjeUdv0F8zCQNeqB1+PR5/BB+gC+QLAPw==
  dependencies:
    framesync "5.3.0"
    hey-listen "^1.0.8"
    style-value-types "4.1.4"
    tslib "^2.1.0"

react@^17.0.2:
  version "17.0.2"
  resolved "https://registry.yarnpkg.com/react/-/react-17.0.2.tgz#d0b5cc516d29eb3eee383f75b62864cfb6800037"
  integrity sha512-gnhPt75i/dq/z3/6q/0asP78D0u592D5L1pd7M8P+dck6Fu/jJeL6iVVK23fptSUZj8Vjf++7wXA8UNclGQcbA==
  dependencies:
    loose-envify "^1.1.0"
    object-assign "^4.1.1"

style-value-types@4.1.4:
  version "4.1.4"
  resolved "https://registry.yarnpkg.com/style-value-types/-/style-value-types-4.1.4.tgz#80f37cb4fb024d6394087403dfb275e8bb627e75"
  integrity sha512-LCJL6tB+vPSUoxgUBt9juXIlNJHtBMy8jkXzUJSBzeHWdBu6lhzHqCvLVkXFGsFIlNa2ln1sQHya/gzaFmB2Lg==
  dependencies:
    hey-listen "^1.0.8"
    tslib "^2.1.0"

tslib@^2.1.0:
  version "2.3.0"
  resolved "https://registry.yarnpkg.com/tslib/-/tslib-2.3.0.tgz#803b8cdab3e12ba581a4ca41c8839bbb0dacb09e"
  integrity sha512-N82ooyxVNm6h1riLCoyS9e3fuJ3AMG2zIZs2Gd1ATcSFjSA23Q0fzjjZeh0jbJvWVDZ0cJT8yaNNaaXHzueNjg==
