# THIS IS AN AUTOGENERATED FILE. DO NOT EDIT THIS FILE DIRECTLY.
# yarn lockfile v1


"module-with-closure-state@file:../../../fixtures/node_modules/module-with-closure-state":
  version "0.0.0"

"testPackage@file:../4-create-dll-with-packagename":
  version "1.0.0"
  dependencies:
    module-with-closure-state "file:../../../../../../Library/Caches/fixtures/node_modules/module-with-closure-state"
